// !$*UTF8*$!
{
	archiveVersion = 1;
	classes = {
	};
	objectVersion = 46;
	objects = {

/* Begin PBXBuildFile section */
		9587F28D1D46887E002C4F8B /* AppDelegate.swift in Sources */ = {isa = PBXBuildFile; fileRef = 9587F28C1D46887E002C4F8B /* AppDelegate.swift */; };
		9587F28F1D46887E002C4F8B /* GameScene.sks in Resources */ = {isa = PBXBuildFile; fileRef = 9587F28E1D46887E002C4F8B /* GameScene.sks */; };
		9587F2911D46887E002C4F8B /* GameScene.swift in Sources */ = {isa = PBXBuildFile; fileRef = 9587F2901D46887E002C4F8B /* GameScene.swift */; };
		9587F2931D46887E002C4F8B /* GameViewController.swift in Sources */ = {isa = PBXBuildFile; fileRef = 9587F2921D46887E002C4F8B /* GameViewController.swift */; };
		9587F2961D46887E002C4F8B /* Main.storyboard in Resources */ = {isa = PBXBuildFile; fileRef = 9587F2941D46887E002C4F8B /* Main.storyboard */; };
		9587F2981D46887E002C4F8B /* Assets.xcassets in Resources */ = {isa = PBXBuildFile; fileRef = 9587F2971D46887E002C4F8B /* Assets.xcassets */; };
		9587F29B1D46887E002C4F8B /* LaunchScreen.storyboard in Resources */ = {isa = PBXBuildFile; fileRef = 9587F2991D46887E002C4F8B /* LaunchScreen.storyboard */; };
/* End PBXBuildFile section */

/* Begin PBXFileReference section */
		9587F2891D46887E002C4F8B /* Project11.app */ = {isa = PBXFileReference; explicitFileType = wrapper.application; includeInIndex = 0; path = Project11.app; sourceTree = BUILT_PRODUCTS_DIR; };
		9587F28C1D46887E002C4F8B /* AppDelegate.swift */ = {isa = PBXFileReference; lastKnownFileType = sourcecode.swift; path = AppDelegate.swift; sourceTree = "<group>"; };
		9587F28E1D46887E002C4F8B /* GameScene.sks */ = {isa = PBXFileReference; lastKnownFileType = file.sks; path = GameScene.sks; sourceTree = "<group>"; };
		9587F2901D46887E002C4F8B /* GameScene.swift */ = {isa = PBXFileReference; lastKnownFileType = sourcecode.swift; path = GameScene.swift; sourceTree = "<group>"; };
		9587F2921D46887E002C4F8B /* GameViewController.swift */ = {isa = PBXFileReference; lastKnownFileType = sourcecode.swift; path = GameViewController.swift; sourceTree = "<group>"; };
		9587F2951D46887E002C4F8B /* Base */ = {isa = PBXFileReference; lastKnownFileType = file.storyboard; name = Base; path = Base.lproj/Main.storyboard; sourceTree = "<group>"; };
		9587F2971D46887E002C4F8B /* Assets.xcassets */ = {isa = PBXFileReference; lastKnownFileType = folder.assetcatalog; path = Assets.xcassets; sourceTree = "<group>"; };
		9587F29A1D46887E002C4F8B /* Base */ = {isa = PBXFileReference; lastKnownFileType = file.storyboard; name = Base; path = Base.lproj/LaunchScreen.storyboard; sourceTree = "<group>"; };
		9587F29C1D46887E002C4F8B /* Info.plist */ = {isa = PBXFileReference; lastKnownFileType = text.plist.xml; path = Info.plist; sourceTree = "<group>"; };
/* End PBXFileReference section */

/* Begin PBXFrameworksBuildPhase section */
		9587F2861D46887E002C4F8B /* Frameworks */ = {
			isa = PBXFrameworksBuildPhase;
			buildActionMask = 2147483647;
			files = (
			);
			runOnlyForDeploymentPostprocessing = 0;
		};
/* End PBXFrameworksBuildPhase section */

/* Begin PBXGroup section */
		9587F2801D46887E002C4F8B = {
			isa = PBXGroup;
			children = (
				9587F28B1D46887E002C4F8B /* Project11 */,
				9587F28A1D46887E002C4F8B /* Products */,
			);
			sourceTree = "<group>";
		};
		9587F28A1D46887E002C4F8B /* Products */ = {
			isa = PBXGroup;
			children = (
				9587F2891D46887E002C4F8B /* Project11.app */,
			);
			name = Products;
			sourceTree = "<group>";
		};
		9587F28B1D46887E002C4F8B /* Project11 */ = {
			isa = PBXGroup;
			children = (
				9587F28C1D46887E002C4F8B /* AppDelegate.swift */,
				9587F28E1D46887E002C4F8B /* GameScene.sks */,
				9587F2901D46887E002C4F8B /* GameScene.swift */,
				9587F2921D46887E002C4F8B /* GameViewController.swift */,
				9587F2941D46887E002C4F8B /* Main.storyboard */,
				9587F2971D46887E002C4F8B /* Assets.xcassets */,
				9587F2991D46887E002C4F8B /* LaunchScreen.storyboard */,
				9587F29C1D46887E002C4F8B /* Info.plist */,
			);
			path = Project11;
			sourceTree = "<group>";
		};
/* End PBXGroup section */

/* Begin PBXNativeTarget section */
		9587F2881D46887E002C4F8B /* Project11 */ = {
			isa = PBXNativeTarget;
			buildConfigurationList = 9587F29F1D46887E002C4F8B /* Build configuration list for PBXNativeTarget "Project11" */;
			buildPhases = (
				9587F2851D46887E002C4F8B /* Sources */,
				9587F2861D46887E002C4F8B /* Frameworks */,
				9587F2871D46887E002C4F8B /* Resources */,
			);
			buildRules = (
			);
			dependencies = (
			);
			name = Project11;
			productName = Project11;
			productReference = 9587F2891D46887E002C4F8B /* Project11.app */;
			productType = "com.apple.product-type.application";
		};
/* End PBXNativeTarget section */

/* Begin PBXProject section */
		9587F2811D46887E002C4F8B /* Project object */ = {
			isa = PBXProject;
			attributes = {
				LastSwiftUpdateCheck = 0730;
				LastUpgradeCheck = 0730;
				ORGANIZATIONNAME = "Jeffrey Eng";
				TargetAttributes = {
					9587F2881D46887E002C4F8B = {
						CreatedOnToolsVersion = 7.3.1;
					};
				};
			};
			buildConfigurationList = 9587F2841D46887E002C4F8B /* Build configuration list for PBXProject "Project11" */;
			compatibilityVersion = "Xcode 3.2";
			developmentRegion = English;
			hasScannedForEncodings = 0;
			knownRegions = (
				en,
				Base,
			);
			mainGroup = 9587F2801D46887E002C4F8B;
			productRefGroup = 9587F28A1D46887E002C4F8B /* Products */;
			projectDirPath = "";
			projectRoot = "";
			targets = (
				9587F2881D46887E002C4F8B /* Project11 */,
			);
		};
/* End PBXProject section */

/* Begin PBXResourcesBuildPhase section */
		9587F2871D46887E002C4F8B /* Resources */ = {
			isa = PBXResourcesBuildPhase;
			buildActionMask = 2147483647;
			files = (
				9587F28F1D46887E002C4F8B /* GameScene.sks in Resources */,
				9587F29B1D46887E002C4F8B /* LaunchScreen.storyboard in Resources */,
				9587F2981D46887E002C4F8B /* Assets.xcassets in Resources */,
				9587F2961D46887E002C4F8B /* Main.storyboard in Resources */,
			);
			runOnlyForDeploymentPostprocessing = 0;
		};
/* End PBXResourcesBuildPhase section */

/* Begin PBXSourcesBuildPhase section */
		9587F2851D46887E002C4F8B /* Sources */ = {
			isa = PBXSourcesBuildPhase;
			buildActionMask = 2147483647;
			files = (
				9587F2911D46887E002C4F8B /* GameScene.swift in Sources */,
				9587F2931D46887E002C4F8B /* GameViewController.swift in Sources */,
				9587F28D1D46887E002C4F8B /* AppDelegate.swift in Sources */,
			);
			runOnlyForDeploymentPostprocessing = 0;
		};
/* End PBXSourcesBuildPhase section */

/* Begin PBXVariantGroup section */
		9587F2941D46887E002C4F8B /* Main.storyboard */ = {
			isa = PBXVariantGroup;
			children = (
				9587F2951D46887E002C4F8B /* Base */,
			);
			name = Main.storyboard;
			sourceTree = "<group>";
		};
		9587F2991D46887E002C4F8B /* LaunchScreen.storyboard */ = {
			isa = PBXVariantGroup;
			children = (
				9587F29A1D46887E002C4F8B /* Base */,
			);
			name = LaunchScreen.storyboard;
			sourceTree = "<group>";
		};
/* End PBXVariantGroup section */

/* Begin XCBuildConfiguration section */
		9587F29D1D46887E002C4F8B /* Debug */ = {
			isa = XCBuildConfiguration;
			buildSettings = {
				ALWAYS_SEARCH_USER_PATHS = NO;
				CLANG_ANALYZER_NONNULL = YES;
				CLANG_CXX_LANGUAGE_STANDARD = "gnu++0x";
				CLANG_CXX_LIBRARY = "libc++";
				CLANG_ENABLE_MODULES = YES;
				CLANG_ENABLE_OBJC_ARC = YES;
				CLANG_WARN_BOOL_CONVERSION = YES;
				CLANG_WARN_CONSTANT_CONVERSION = YES;
				CLANG_WARN_DIRECT_OBJC_ISA_USAGE = YES_ERROR;
				CLANG_WARN_EMPTY_BODY = YES;
				CLANG_WARN_ENUM_CONVERSION = YES;
				CLANG_WARN_INT_CONVERSION = YES;
				CLANG_WARN_OBJC_ROOT_CLASS = YES_ERROR;
				CLANG_WARN_UNREACHABLE_CODE = YES;
				CLANG_WARN__DUPLICATE_METHOD_MATCH = YES;
				"CODE_SIGN_IDENTITY[sdk=iphoneos*]" = "iPhone Developer";
				COPY_PHASE_STRIP = NO;
				DEBUG_INFORMATION_FORMAT = "dwarf-with-dsym";
				ENABLE_STRICT_OBJC_MSGSEND = YES;
				ENABLE_TESTABILITY = YES;
				GCC_C_LANGUAGE_STANDARD = gnu99;
				GCC_DYNAMIC_NO_PIC = NO;
				GCC_NO_COMMON_BLOCKS = YES;
				GCC_OPTIMIZATION_LEVEL = 0;
				GCC_PREPROCESSOR_DEFINITIONS = (
					"DEBUG=1",
					"$(inherited)",
				);
				GCC_WARN_64_TO_32_BIT_CONVERSION = YES;
				GCC_WARN_ABOUT_RETURN_TYPE = YES_ERROR;
				GCC_WARN_UNDECLARED_SELECTOR = YES;
				GCC_WARN_UNINITIALIZED_AUTOS = YES_AGGRESSIVE;
				GCC_WARN_UNUSED_FUNCTION = YES;
				GCC_WARN_UNUSED_VARIABLE = YES;
				IPHONEOS_DEPLOYMENT_TARGET = 9.3;
				MTL_ENABLE_DEBUG_INFO = YES;
				ONLY_ACTIVE_ARCH = YES;
				SDKROOT = iphoneos;
				SWIFT_OPTIMIZATION_LEVEL = "-Onone";
				TARGETED_DEVICE_FAMILY = 2;
			};
			name = Debug;
		};
		9587F29E1D46887E002C4F8B /* Release */ = {
			isa = XCBuildConfiguration;
			buildSettings = {
				ALWAYS_SEARCH_USER_PATHS = NO;
				CLANG_ANALYZER_NONNULL = YES;
				CLANG_CXX_LANGUAGE_STANDARD = "gnu++0x";
				CLANG_CXX_LIBRARY = "libc++";
				CLANG_ENABLE_MODULES = YES;
				CLANG_ENABLE_OBJC_ARC = YES;
				CLANG_WARN_BOOL_CONVERSION = YES;
				CLANG_WARN_CONSTANT_CONVERSION = YES;
				CLANG_WARN_DIRECT_OBJC_ISA_USAGE = YES_ERROR;
				CLANG_WARN_EMPTY_BODY = YES;
				CLANG_WARN_ENUM_CONVERSION = YES;
				CLANG_WARN_INT_CONVERSION = YES;
				CLANG_WARN_OBJC_ROOT_CLASS = YES_ERROR;
				CLANG_WARN_UNREACHABLE_CODE = YES;
				CLANG_WARN__DUPLICATE_METHOD_MATCH = YES;
				"CODE_SIGN_IDENTITY[sdk=iphoneos*]" = "iPhone Developer";
				COPY_PHASE_STRIP = NO;
				DEBUG_INFORMATION_FORMAT = "dwarf-with-dsym";
				ENABLE_NS_ASSERTIONS = NO;
				ENABLE_STRICT_OBJC_MSGSEND = YES;
				GCC_C_LANGUAGE_STANDARD = gnu99;
				GCC_NO_COMMON_BLOCKS = YES;
				GCC_WARN_64_TO_32_BIT_CONVERSION = YES;
				GCC_WARN_ABOUT_RETURN_TYPE = YES_ERROR;
				GCC_WARN_UNDECLARED_SELECTOR = YES;
				GCC_WARN_UNINITIALIZED_AUTOS = YES_AGGRESSIVE;
				GCC_WARN_UNUSED_FUNCTION = YES;
				GCC_WARN_UNUSED_VARIABLE = YES;
				IPHONEOS_DEPLOYMENT_TARGET = 9.3;
				MTL_ENABLE_DEBUG_INFO = NO;
				SDKROOT = iphoneos;
				TARGETED_DEVICE_FAMILY = 2;
				VALIDATE_PRODUCT = YES;
			};
			name = Release;
		};
		9587F2A01D46887E002C4F8B /* Debug */ = {
			isa = XCBuildConfiguration;
			buildSettings = {
				ASSETCATALOG_COMPILER_APPICON_NAME = AppIcon;
				INFOPLIST_FILE = Project11/Info.plist;
				LD_RUNPATH_SEARCH_PATHS = "$(inherited) @executable_path/Frameworks";
				PRODUCT_BUNDLE_IDENTIFIER = com.jeffeng.Project11;
				PRODUCT_NAME = "$(TARGET_NAME)";
			};
			name = Debug;
		};
		9587F2A11D46887E002C4F8B /* Release */ = {
			isa = XCBuildConfiguration;
			buildSettings = {
				ASSETCATALOG_COMPILER_APPICON_NAME = AppIcon;
				INFOPLIST_FILE = Project11/Info.plist;
				LD_RUNPATH_SEARCH_PATHS = "$(inherited) @executable_path/Frameworks";
				PRODUCT_BUNDLE_IDENTIFIER = com.jeffeng.Project11;
				PRODUCT_NAME = "$(TARGET_NAME)";
			};
			name = Release;
		};
/* End XCBuildConfiguration section */

/* Begin XCConfigurationList section */
		9587F2841D46887E002C4F8B /* Build configuration list for PBXProject "Project11" */ = {
			isa = XCConfigurationList;
			buildConfigurations = (
				9587F29D1D46887E002C4F8B /* Debug */,
				9587F29E1D46887E002C4F8B /* Release */,
			);
			defaultConfigurationIsVisible = 0;
			defaultConfigurationName = Release;
		};
		9587F29F1D46887E002C4F8B /* Build configuration list for PBXNativeTarget "Project11" */ = {
			isa = XCConfigurationList;
			buildConfigurations = (
				9587F2A01D46887E002C4F8B /* Debug */,
				9587F2A11D46887E002C4F8B /* Release */,
			);
			defaultConfigurationIsVisible = 0;
		};
/* End XCConfigurationList section */
	};
	rootObject = 9587F2811D46887E002C4F8B /* Project object */;
}
